{
  "nodes": {
    "agenix": {
      "inputs": {
        "nixpkgs": "nixpkgs"
      },
      "locked": {
        "lastModified": 1648942457,
        "narHash": "sha256-i29Z1t3sVfCNfpp+KAfeExvpqHQSbLO1KWylTtfradU=",
        "owner": "ryantm",
        "repo": "agenix",
        "rev": "0d5e59ed645e4c7b60174bc6f6aac6a203dc0b01",
        "type": "github"
      },
      "original": {
        "owner": "ryantm",
        "repo": "agenix",
        "type": "github"
      }
    },
    "cargo2nix": {
      "inputs": {
        "flake-utils": "flake-utils",
        "nixpkgs": "nixpkgs_3",
        "rust-overlay": "rust-overlay"
      },
      "locked": {
        "lastModified": 1648397583,
        "narHash": "sha256-g1Ej9APkfHjGd9ExBDvpmyAvsKcfMOsNH6p95xc8E/Y=",
        "owner": "cargo2nix",
        "repo": "cargo2nix",
        "rev": "4362ae00fe824d120e94dd5d6f6e63969dc3d264",
        "type": "github"
      },
      "original": {
        "owner": "cargo2nix",
        "ref": "master",
        "repo": "cargo2nix",
        "type": "github"
      }
    },
    "cargo2nix_2": {
      "inputs": {
        "flake-utils": "flake-utils_3",
        "nixpkgs": "nixpkgs_5",
        "rust-overlay": "rust-overlay_3"
      },
      "locked": {
        "lastModified": 1648397583,
        "narHash": "sha256-g1Ej9APkfHjGd9ExBDvpmyAvsKcfMOsNH6p95xc8E/Y=",
        "owner": "cargo2nix",
        "repo": "cargo2nix",
        "rev": "4362ae00fe824d120e94dd5d6f6e63969dc3d264",
        "type": "github"
      },
      "original": {
        "owner": "cargo2nix",
        "ref": "master",
        "repo": "cargo2nix",
        "type": "github"
      }
    },
    "deploy-rs": {
      "inputs": {
        "flake-compat": "flake-compat",
        "nixpkgs": "nixpkgs_2",
        "utils": "utils"
      },
      "locked": {
        "lastModified": 1648475189,
        "narHash": "sha256-gAGAS6IagwoUr1B0ohE3iR6sZ8hP4LSqzYLC8Mq3WGU=",
        "owner": "serokell",
        "repo": "deploy-rs",
        "rev": "83e0c78291cd08cb827ba0d553ad9158ae5a95c3",
        "type": "github"
      },
      "original": {
        "owner": "serokell",
        "repo": "deploy-rs",
        "type": "github"
      }
    },
    "dns-agent": {
      "inputs": {
        "cargo2nix": "cargo2nix",
        "flake-utils": "flake-utils_2",
        "nixpkgs": "nixpkgs_4",
        "rust-overlay": "rust-overlay_2"
      },
      "locked": {
        "lastModified": 1652329712,
        "narHash": "sha256-AAETGxkNWzcniIZpUC5tXUmZ+qde5eNfCUNMaWfs/7o=",
        "owner": "graysonhead",
        "repo": "dns-agent",
        "rev": "b0db02d8c4160f6d296080737460978313bfc0c6",
        "type": "github"
      },
      "original": {
        "owner": "graysonhead",
        "repo": "dns-agent",
        "type": "github"
      }
    },
    "flake-compat": {
      "flake": false,
      "locked": {
        "lastModified": 1648199409,
        "narHash": "sha256-JwPKdC2PoVBkG6E+eWw3j6BMR6sL3COpYWfif7RVb8Y=",
        "owner": "edolstra",
        "repo": "flake-compat",
        "rev": "64a525ee38886ab9028e6f61790de0832aa3ef03",
        "type": "github"
      },
      "original": {
        "owner": "edolstra",
        "repo": "flake-compat",
        "type": "github"
      }
    },
    "flake-utils": {
      "locked": {
        "lastModified": 1638122382,
        "narHash": "sha256-sQzZzAbvKEqN9s0bzWuYmRaA03v40gaJ4+iL1LXjaeI=",
        "owner": "numtide",
        "repo": "flake-utils",
        "rev": "74f7e4319258e287b0f9cb95426c9853b282730b",
        "type": "github"
      },
      "original": {
        "owner": "numtide",
        "repo": "flake-utils",
        "type": "github"
      }
    },
    "flake-utils_2": {
      "locked": {
        "lastModified": 1649676176,
        "narHash": "sha256-OWKJratjt2RW151VUlJPRALb7OU2S5s+f0vLj4o1bHM=",
        "owner": "numtide",
        "repo": "flake-utils",
        "rev": "a4b154ebbdc88c8498a5c7b01589addc9e9cb678",
        "type": "github"
      },
      "original": {
        "owner": "numtide",
        "repo": "flake-utils",
        "type": "github"
      }
    },
    "flake-utils_3": {
      "locked": {
        "lastModified": 1638122382,
        "narHash": "sha256-sQzZzAbvKEqN9s0bzWuYmRaA03v40gaJ4+iL1LXjaeI=",
        "owner": "numtide",
        "repo": "flake-utils",
        "rev": "74f7e4319258e287b0f9cb95426c9853b282730b",
        "type": "github"
      },
      "original": {
        "owner": "numtide",
        "repo": "flake-utils",
        "type": "github"
      }
    },
    "flake-utils_4": {
      "locked": {
        "lastModified": 1649676176,
        "narHash": "sha256-OWKJratjt2RW151VUlJPRALb7OU2S5s+f0vLj4o1bHM=",
        "owner": "numtide",
        "repo": "flake-utils",
        "rev": "a4b154ebbdc88c8498a5c7b01589addc9e9cb678",
        "type": "github"
      },
      "original": {
        "owner": "numtide",
        "repo": "flake-utils",
        "type": "github"
      }
    },
    "home-manager": {
      "inputs": {
        "nixpkgs": [
          "nixpkgs"
        ]
      },
      "locked": {
        "lastModified": 1650478719,
        "narHash": "sha256-308c2cM4hW9AW6dSQ080ycXGyEJGkG/OwOINkYL9Mnw=",
        "owner": "nix-community",
        "repo": "home-manager",
        "rev": "93a69d07389311ffd6ce1f4d01836bbc2faec644",
        "type": "github"
      },
      "original": {
        "owner": "nix-community",
        "repo": "home-manager",
        "type": "github"
      }
    },
    "jager": {
      "inputs": {
        "cargo2nix": "cargo2nix_2",
        "flake-utils": "flake-utils_4",
        "nixpkgs": "nixpkgs_6",
        "rust-overlay": "rust-overlay_4"
      },
      "locked": {
        "lastModified": 1651208072,
        "narHash": "sha256-VjhCQ60syA8wbo9wf+Lgg4jaChGLkhHOSBsKGimKsuw=",
        "owner": "graysonhead",
        "repo": "jager",
        "rev": "bda0a4b7063cf782e766e5600c4603362f19c004",
        "type": "github"
      },
      "original": {
        "owner": "graysonhead",
        "repo": "jager",
        "type": "github"
      }
    },
    "nixos-hardware": {
      "locked": {
        "lastModified": 1650522846,
        "narHash": "sha256-SxWHXRI3qJwswyXAtzsi6PKVY3KLNNnb072KaJthII8=",
        "owner": "NixOS",
        "repo": "nixos-hardware",
        "rev": "6b4ebea9093c997c5f275c820e679108de4871ab",
        "type": "github"
      },
      "original": {
        "owner": "NixOS",
        "ref": "master",
        "repo": "nixos-hardware",
        "type": "github"
      }
    },
    "nixpkgs": {
      "locked": {
        "lastModified": 1638587357,
        "narHash": "sha256-2ySMW3QARG8BsRPmwe7clTbdCuaObromOKewykP+UJc=",
        "owner": "nixos",
        "repo": "nixpkgs",
        "rev": "e34c5379866833f41e2a36f309912fa675d687c7",
        "type": "github"
      },
      "original": {
        "owner": "nixos",
        "ref": "nixos-21.11",
        "repo": "nixpkgs",
        "type": "github"
      }
    },
    "nixpkgs_2": {
      "locked": {
        "lastModified": 1648219316,
        "narHash": "sha256-Ctij+dOi0ZZIfX5eMhgwugfvB+WZSrvVNAyAuANOsnQ=",
        "owner": "NixOS",
        "repo": "nixpkgs",
        "rev": "30d3d79b7d3607d56546dd2a6b49e156ba0ec634",
        "type": "github"
      },
      "original": {
        "owner": "NixOS",
        "ref": "nixpkgs-unstable",
        "repo": "nixpkgs",
        "type": "github"
      }
    },
    "nixpkgs_3": {
      "locked": {
        "lastModified": 1638109994,
        "narHash": "sha256-OpA37PTiPMIqoRJbufbl5rOLII7HeeGcA0yl7FoyCIE=",
        "owner": "nixos",
        "repo": "nixpkgs",
        "rev": "a284564b7f75ac4db73607db02076e8da9d42c9d",
        "type": "github"
      },
      "original": {
        "owner": "nixos",
        "ref": "release-21.05",
        "repo": "nixpkgs",
        "type": "github"
      }
    },
    "nixpkgs_4": {
      "locked": {
        "lastModified": 1652060829,
        "narHash": "sha256-ND2od94mb0z7YKDvrMA/CYRgFz35uaCenNlu0vwPp/A=",
        "owner": "nixos",
        "repo": "nixpkgs",
        "rev": "58585adbcd7fa9889d3d3731fc9c1766317dec77",
        "type": "github"
      },
      "original": {
        "owner": "nixos",
        "repo": "nixpkgs",
        "type": "github"
      }
    },
    "nixpkgs_5": {
      "locked": {
        "lastModified": 1638109994,
        "narHash": "sha256-OpA37PTiPMIqoRJbufbl5rOLII7HeeGcA0yl7FoyCIE=",
        "owner": "nixos",
        "repo": "nixpkgs",
        "rev": "a284564b7f75ac4db73607db02076e8da9d42c9d",
        "type": "github"
      },
      "original": {
        "owner": "nixos",
        "ref": "release-21.05",
        "repo": "nixpkgs",
        "type": "github"
      }
    },
    "nixpkgs_6": {
      "locked": {
        "lastModified": 1650937716,
        "narHash": "sha256-3Tuspfl36JKnQekMVII3kiL2afj+ngPY2iPVN3zeReU=",
        "owner": "nixos",
        "repo": "nixpkgs",
        "rev": "293a5455f31039a590cca0b844d134736fedae46",
        "type": "github"
      },
      "original": {
        "owner": "nixos",
        "repo": "nixpkgs",
        "type": "github"
      }
    },
    "nixpkgs_7": {
      "locked": {
        "lastModified": 1652885393,
        "narHash": "sha256-YIgvvlk4iQ1Hi7KD9o5gsojc+ApB+jiH1d5stK8uXiw=",
        "owner": "nixos",
        "repo": "nixpkgs",
        "rev": "48037fd90426e44e4bf03e6479e88a11453b9b66",
        "type": "github"
      },
      "original": {
        "owner": "nixos",
        "ref": "nixos-unstable",
        "repo": "nixpkgs",
        "type": "github"
      }
    },
    "root": {
      "inputs": {
        "agenix": "agenix",
        "deploy-rs": "deploy-rs",
        "dns-agent": "dns-agent",
        "home-manager": "home-manager",
        "jager": "jager",
        "nixos-hardware": "nixos-hardware",
        "nixpkgs": "nixpkgs_7"
      }
    },
    "rust-overlay": {
      "inputs": {
        "flake-utils": [
          "dns-agent",
          "cargo2nix",
          "flake-utils"
        ],
        "nixpkgs": [
          "dns-agent",
          "cargo2nix",
          "nixpkgs"
        ]
      },
      "locked": {
        "lastModified": 1638152159,
        "narHash": "sha256-Q0UHsm36cCxk16I/bF1rHJHxjIflESKk2ej76P39j90=",
        "owner": "oxalica",
        "repo": "rust-overlay",
        "rev": "d9a664513558376595e838b21348cdac0ba3115e",
        "type": "github"
      },
      "original": {
        "owner": "oxalica",
        "repo": "rust-overlay",
        "type": "github"
      }
    },
    "rust-overlay_2": {
      "inputs": {
        "flake-utils": [
          "dns-agent",
          "flake-utils"
        ],
        "nixpkgs": [
          "dns-agent",
          "nixpkgs"
        ]
      },
      "locked": {
        "lastModified": 1652064227,
        "narHash": "sha256-ZpIfELJNVzcxa6+YUr1KfbpTkHh02FASdlHaCC5/Q6w=",
        "owner": "oxalica",
        "repo": "rust-overlay",
        "rev": "31db726b18ad2620fead6e7cd31b6e57d1cd061b",
        "type": "github"
      },
      "original": {
        "owner": "oxalica",
        "repo": "rust-overlay",
        "type": "github"
      }
    },
    "rust-overlay_3": {
      "inputs": {
        "flake-utils": [
          "jager",
          "cargo2nix",
          "flake-utils"
        ],
        "nixpkgs": [
          "jager",
          "cargo2nix",
          "nixpkgs"
        ]
      },
      "locked": {
        "lastModified": 1638152159,
        "narHash": "sha256-Q0UHsm36cCxk16I/bF1rHJHxjIflESKk2ej76P39j90=",
        "owner": "oxalica",
        "repo": "rust-overlay",
        "rev": "d9a664513558376595e838b21348cdac0ba3115e",
        "type": "github"
      },
      "original": {
        "owner": "oxalica",
        "repo": "rust-overlay",
        "type": "github"
      }
    },
    "rust-overlay_4": {
      "inputs": {
        "flake-utils": [
          "jager",
          "flake-utils"
        ],
        "nixpkgs": [
          "jager",
          "nixpkgs"
        ]
      },
      "locked": {
        "lastModified": 1650854433,
        "narHash": "sha256-UEobnudHMlXBB34xDTKzoL6WVxg3bsr23cQpXHdEdNE=",
        "owner": "oxalica",
        "repo": "rust-overlay",
        "rev": "484aec6432617950848f7b3afa2fe55aad6bc6b1",
        "type": "github"
      },
      "original": {
        "owner": "oxalica",
        "repo": "rust-overlay",
        "type": "github"
      }
    },
    "utils": {
      "locked": {
        "lastModified": 1648297722,
        "narHash": "sha256-W+qlPsiZd8F3XkzXOzAoR+mpFqzm3ekQkJNa+PIh1BQ=",
        "owner": "numtide",
        "repo": "flake-utils",
        "rev": "0f8662f1319ad6abf89b3380dd2722369fc51ade",
        "type": "github"
      },
      "original": {
        "owner": "numtide",
        "repo": "flake-utils",
        "type": "github"
      }
    }
  },
  "root": "root",
  "version": 7
}
